
Microsoft Visual Studio Solution File, Format Version 12.00
# Visual Studio Version 17
VisualStudioVersion = 17.11.35312.102
MinimumVisualStudioVersion = 10.0.40219.1
Project("{FAE04EC0-301F-11D3-BF4B-00C04F79EFBC}") = "bulls-and-cows-game", "bulls-and-cows-game\bulls-and-cows-game.csproj", "{5493D71F-0A32-4353-8DF4-E794C399FD66}"
EndProject
Global
	GlobalSection(SolutionConfigurationPlatforms) = preSolution
		Debug|Any CPU = Debug|Any CPU
		Release|Any CPU = Release|Any CPU
	EndGlobalSection
	GlobalSection(ProjectConfigurationPlatforms) = postSolution
		{5493D71F-0A32-4353-8DF4-E794C399FD66}.Debug|Any CPU.ActiveCfg = Debug|Any CPU
		{5493D71F-0A32-4353-8DF4-E794C399FD66}.Debug|Any CPU.Build.0 = Debug|Any CPU
		{5493D71F-0A32-4353-8DF4-E794C399FD66}.Release|Any CPU.ActiveCfg = Release|Any CPU
		{5493D71F-0A32-4353-8DF4-E794C399FD66}.Release|Any CPU.Build.0 = Release|Any CPU
	EndGlobalSection
	GlobalSection(SolutionProperties) = preSolution
		HideSolutionNode = FALSE
	EndGlobalSection
	GlobalSection(ExtensibilityGlobals) = postSolution
		SolutionGuid = {B8680E84-F8FD-410B-A3A2-1BCC6E32BED4}
	EndGlobalSection
EndGlobal
